github.com/wowchemy/wowchemy-hugo-modules/wowchemy v0.0.0-20210601183557-01a25ecaecdd h1:pTWkXn8NTP8DrDNJfMcIv//GE0eBcKLDZW/LxLPZFgY=
github.com/wowchemy/wowchemy-hugo-modules/wowchemy v0.0.0-20210601183557-01a25ecaecdd/go.mod h1:H22qfH9qj3FWwsk7+bAZpmT24yRGNQURah2/IRwjbn8=
github.com/wowchemy/wowchemy-hugo-modules/wowchemy-cms v0.0.0-20210601183557-01a25ecaecdd h1:xPGCEb8a7hlj5DeNY5lcQY9uO9KiiUVz11lD6lEuga8=
github.com/wowchemy/wowchemy-hugo-modules/wowchemy-cms v0.0.0-20210601183557-01a25ecaecdd/go.mod h1:AKpYbqUVlj0VYsc7Jsxe1o8Ko2yV31A5ZPdfpACcXJw=
